
Microsoft Visual Studio Solution File, Format Version 12.00
# Visual Studio Version 17
VisualStudioVersion = 17.6.33712.159
MinimumVisualStudioVersion = 10.0.40219.1
Project("{8BC9CEB8-8B4A-11D0-8D11-00A0C91BC942}") = "StaticLib1", "StaticLib1\StaticLib1.vcxproj", "{0C8BB605-A5EE-4A3C-939C-6753B3EB6603}"
EndProject
Project("{8BC9CEB8-8B4A-11D0-8D11-00A0C91BC942}") = "TestForLib", "TestForLib\TestForLib.vcxproj", "{A6E91132-A685-4326-AA0C-A09A0A404FC6}"
EndProject
Global
	GlobalSection(SolutionConfigurationPlatforms) = preSolution
		Debug|x64 = Debug|x64
		Debug|x86 = Debug|x86
		Release|x64 = Release|x64
		Release|x86 = Release|x86
	EndGlobalSection
	GlobalSection(ProjectConfigurationPlatforms) = postSolution
		{0C8BB605-A5EE-4A3C-939C-6753B3EB6603}.Debug|x64.ActiveCfg = Debug|x64
		{0C8BB605-A5EE-4A3C-939C-6753B3EB6603}.Debug|x64.Build.0 = Debug|x64
		{0C8BB605-A5EE-4A3C-939C-6753B3EB6603}.Debug|x86.ActiveCfg = Debug|Win32
		{0C8BB605-A5EE-4A3C-939C-6753B3EB6603}.Debug|x86.Build.0 = Debug|Win32
		{0C8BB605-A5EE-4A3C-939C-6753B3EB6603}.Release|x64.ActiveCfg = Release|x64
		{0C8BB605-A5EE-4A3C-939C-6753B3EB6603}.Release|x64.Build.0 = Release|x64
		{0C8BB605-A5EE-4A3C-939C-6753B3EB6603}.Release|x86.ActiveCfg = Release|Win32
		{0C8BB605-A5EE-4A3C-939C-6753B3EB6603}.Release|x86.Build.0 = Release|Win32
		{A6E91132-A685-4326-AA0C-A09A0A404FC6}.Debug|x64.ActiveCfg = Debug|x64
		{A6E91132-A685-4326-AA0C-A09A0A404FC6}.Debug|x64.Build.0 = Debug|x64
		{A6E91132-A685-4326-AA0C-A09A0A404FC6}.Debug|x86.ActiveCfg = Debug|Win32
		{A6E91132-A685-4326-AA0C-A09A0A404FC6}.Debug|x86.Build.0 = Debug|Win32
		{A6E91132-A685-4326-AA0C-A09A0A404FC6}.Release|x64.ActiveCfg = Release|x64
		{A6E91132-A685-4326-AA0C-A09A0A404FC6}.Release|x64.Build.0 = Release|x64
		{A6E91132-A685-4326-AA0C-A09A0A404FC6}.Release|x86.ActiveCfg = Release|Win32
		{A6E91132-A685-4326-AA0C-A09A0A404FC6}.Release|x86.Build.0 = Release|Win32
	EndGlobalSection
	GlobalSection(SolutionProperties) = preSolution
		HideSolutionNode = FALSE
	EndGlobalSection
	GlobalSection(ExtensibilityGlobals) = postSolution
		SolutionGuid = {EEA8ABC1-AE23-41A6-91F4-2D80AF7CBD66}
	EndGlobalSection
EndGlobal
